
Microsoft Visual Studio Solution File, Format Version 12.00
# Visual Studio Version 17
VisualStudioVersion = 17.4.33213.308
MinimumVisualStudioVersion = 10.0.40219.1
Project("{F184B08F-C81C-45F6-A57F-5ABD9991F28F}") = "Can You Drive", "Can You Drive\Can You Drive.vbproj", "{53D10D23-2020-46D9-A06A-20319D0A8677}"
EndProject
Global
	GlobalSection(SolutionConfigurationPlatforms) = preSolution
		Debug|Any CPU = Debug|Any CPU
		Release|Any CPU = Release|Any CPU
	EndGlobalSection
	GlobalSection(ProjectConfigurationPlatforms) = postSolution
		{53D10D23-2020-46D9-A06A-20319D0A8677}.Debug|Any CPU.ActiveCfg = Debug|Any CPU
		{53D10D23-2020-46D9-A06A-20319D0A8677}.Debug|Any CPU.Build.0 = Debug|Any CPU
		{53D10D23-2020-46D9-A06A-20319D0A8677}.Release|Any CPU.ActiveCfg = Release|Any CPU
		{53D10D23-2020-46D9-A06A-20319D0A8677}.Release|Any CPU.Build.0 = Release|Any CPU
	EndGlobalSection
	GlobalSection(SolutionProperties) = preSolution
		HideSolutionNode = FALSE
	EndGlobalSection
	GlobalSection(ExtensibilityGlobals) = postSolution
		SolutionGuid = {BBA3F17A-E8B7-464E-89EF-ED795794BA03}
	EndGlobalSection
EndGlobal
