
Microsoft Visual Studio Solution File, Format Version 12.00
# Visual Studio Version 17
VisualStudioVersion = 17.4.33213.308
MinimumVisualStudioVersion = 10.0.40219.1
Project("{F184B08F-C81C-45F6-A57F-5ABD9991F28F}") = "Auburndale Hat Company", "Auburndale Hat Company\Auburndale Hat Company.vbproj", "{C6DB8805-0926-4EA3-8F12-35CBF028629B}"
EndProject
Global
	GlobalSection(SolutionConfigurationPlatforms) = preSolution
		Debug|Any CPU = Debug|Any CPU
		Release|Any CPU = Release|Any CPU
	EndGlobalSection
	GlobalSection(ProjectConfigurationPlatforms) = postSolution
		{C6DB8805-0926-4EA3-8F12-35CBF028629B}.Debug|Any CPU.ActiveCfg = Debug|Any CPU
		{C6DB8805-0926-4EA3-8F12-35CBF028629B}.Debug|Any CPU.Build.0 = Debug|Any CPU
		{C6DB8805-0926-4EA3-8F12-35CBF028629B}.Release|Any CPU.ActiveCfg = Release|Any CPU
		{C6DB8805-0926-4EA3-8F12-35CBF028629B}.Release|Any CPU.Build.0 = Release|Any CPU
	EndGlobalSection
	GlobalSection(SolutionProperties) = preSolution
		HideSolutionNode = FALSE
	EndGlobalSection
	GlobalSection(ExtensibilityGlobals) = postSolution
		SolutionGuid = {E46687FD-2FA9-4D90-AB81-0478A0F19DCD}
	EndGlobalSection
EndGlobal
